
Microsoft Visual Studio Solution File, Format Version 12.00
# Visual Studio Version 17
VisualStudioVersion = 17.11.35312.102
MinimumVisualStudioVersion = 10.0.40219.1
Project("{FAE04EC0-301F-11D3-BF4B-00C04F79EFBC}") = "Golov", "Golov\Golov.csproj", "{DB28F28D-6D62-4DD9-A40F-B8DCAC31B2ED}"
EndProject
Global
	GlobalSection(SolutionConfigurationPlatforms) = preSolution
		Debug|Any CPU = Debug|Any CPU
		Release|Any CPU = Release|Any CPU
	EndGlobalSection
	GlobalSection(ProjectConfigurationPlatforms) = postSolution
		{DB28F28D-6D62-4DD9-A40F-B8DCAC31B2ED}.Debug|Any CPU.ActiveCfg = Debug|Any CPU
		{DB28F28D-6D62-4DD9-A40F-B8DCAC31B2ED}.Debug|Any CPU.Build.0 = Debug|Any CPU
		{DB28F28D-6D62-4DD9-A40F-B8DCAC31B2ED}.Release|Any CPU.ActiveCfg = Release|Any CPU
		{DB28F28D-6D62-4DD9-A40F-B8DCAC31B2ED}.Release|Any CPU.Build.0 = Release|Any CPU
	EndGlobalSection
	GlobalSection(SolutionProperties) = preSolution
		HideSolutionNode = FALSE
	EndGlobalSection
	GlobalSection(ExtensibilityGlobals) = postSolution
		SolutionGuid = {396EEFD4-5DDC-485E-95C9-EEE94C5EE1DE}
	EndGlobalSection
EndGlobal
